
Microsoft Visual Studio Solution File, Format Version 12.00
# Visual Studio Version 17
VisualStudioVersion = 17.12.35527.113 d17.12
MinimumVisualStudioVersion = 10.0.40219.1
Project("{FAE04EC0-301F-11D3-BF4B-00C04F79EFBC}") = "LibraryManagementSystemBL", "LibraryManagementSystemBL\LibraryManagementSystemBL.csproj", "{6DBB7672-1BBE-4C9F-B6D5-E63E8D023CE3}"
EndProject
Project("{FAE04EC0-301F-11D3-BF4B-00C04F79EFBC}") = "LibraryManagementSystemConsoleApp", "LibraryManagementSystemConsoleApp\LibraryManagementSystemConsoleApp.csproj", "{860C9166-9CC8-400A-BE12-9E9855B2094D}"
EndProject
Global
	GlobalSection(SolutionConfigurationPlatforms) = preSolution
		Debug|Any CPU = Debug|Any CPU
		Release|Any CPU = Release|Any CPU
	EndGlobalSection
	GlobalSection(ProjectConfigurationPlatforms) = postSolution
		{6DBB7672-1BBE-4C9F-B6D5-E63E8D023CE3}.Debug|Any CPU.ActiveCfg = Debug|Any CPU
		{6DBB7672-1BBE-4C9F-B6D5-E63E8D023CE3}.Debug|Any CPU.Build.0 = Debug|Any CPU
		{6DBB7672-1BBE-4C9F-B6D5-E63E8D023CE3}.Release|Any CPU.ActiveCfg = Release|Any CPU
		{6DBB7672-1BBE-4C9F-B6D5-E63E8D023CE3}.Release|Any CPU.Build.0 = Release|Any CPU
		{860C9166-9CC8-400A-BE12-9E9855B2094D}.Debug|Any CPU.ActiveCfg = Debug|Any CPU
		{860C9166-9CC8-400A-BE12-9E9855B2094D}.Debug|Any CPU.Build.0 = Debug|Any CPU
		{860C9166-9CC8-400A-BE12-9E9855B2094D}.Release|Any CPU.ActiveCfg = Release|Any CPU
		{860C9166-9CC8-400A-BE12-9E9855B2094D}.Release|Any CPU.Build.0 = Release|Any CPU
	EndGlobalSection
	GlobalSection(SolutionProperties) = preSolution
		HideSolutionNode = FALSE
	EndGlobalSection
EndGlobal
